
Microsoft Visual Studio Solution File, Format Version 12.00
# Visual Studio Version 16
VisualStudioVersion = 16.0.810.21
MinimumVisualStudioVersion = 10.0.40219.1
Project("{FAE04EC0-301F-11D3-BF4B-00C04F79EFBC}") = "Employee", "Employee\Employee.csproj", "{31D5197B-E281-4738-8D5C-28AA0C283280}"
EndProject
Global
	GlobalSection(SolutionConfigurationPlatforms) = preSolution
		Debug|Any CPU = Debug|Any CPU
		Release|Any CPU = Release|Any CPU
	EndGlobalSection
	GlobalSection(ProjectConfigurationPlatforms) = postSolution
		{31D5197B-E281-4738-8D5C-28AA0C283280}.Debug|Any CPU.ActiveCfg = Debug|Any CPU
		{31D5197B-E281-4738-8D5C-28AA0C283280}.Debug|Any CPU.Build.0 = Debug|Any CPU
		{31D5197B-E281-4738-8D5C-28AA0C283280}.Release|Any CPU.ActiveCfg = Release|Any CPU
		{31D5197B-E281-4738-8D5C-28AA0C283280}.Release|Any CPU.Build.0 = Release|Any CPU
	EndGlobalSection
	GlobalSection(SolutionProperties) = preSolution
		HideSolutionNode = FALSE
	EndGlobalSection
	GlobalSection(ExtensibilityGlobals) = postSolution
		SolutionGuid = {24A612B4-7803-4D9F-AC5F-7B3B0CC21726}
	EndGlobalSection
EndGlobal
